
Microsoft Visual Studio Solution File, Format Version 12.00
# Visual Studio 2015
Project("{FAE04EC0-301F-11D3-BF4B-00C04F79EFBC}") = "super-flappy-cthulhu-ios.CSharp.Plugins", "super-flappy-cthulhu-ios.CSharp.Plugins.csproj", "{A48E0BB0-A2B0-EEF6-01E0-1997FB2C97EC}"
EndProject
Project("{FAE04EC0-301F-11D3-BF4B-00C04F79EFBC}") = "super-flappy-cthulhu-ios.CSharp", "super-flappy-cthulhu-ios.CSharp.csproj", "{1B208C2D-60F4-87EE-DF34-0B8F553A61F0}"
EndProject
Project("{FAE04EC0-301F-11D3-BF4B-00C04F79EFBC}") = "super-flappy-cthulhu-ios.CSharp.Editor", "super-flappy-cthulhu-ios.CSharp.Editor.csproj", "{E892981A-BA2A-06C6-ED0C-FCE48DD15FA5}"
EndProject
Global
	GlobalSection(SolutionConfigurationPlatforms) = preSolution
		Debug|Any CPU = Debug|Any CPU
		Release|Any CPU = Release|Any CPU
	EndGlobalSection
	GlobalSection(ProjectConfigurationPlatforms) = postSolution
		{A48E0BB0-A2B0-EEF6-01E0-1997FB2C97EC}.Debug|Any CPU.ActiveCfg = Debug|Any CPU
		{A48E0BB0-A2B0-EEF6-01E0-1997FB2C97EC}.Debug|Any CPU.Build.0 = Debug|Any CPU
		{A48E0BB0-A2B0-EEF6-01E0-1997FB2C97EC}.Release|Any CPU.ActiveCfg = Release|Any CPU
		{A48E0BB0-A2B0-EEF6-01E0-1997FB2C97EC}.Release|Any CPU.Build.0 = Release|Any CPU
		{1B208C2D-60F4-87EE-DF34-0B8F553A61F0}.Debug|Any CPU.ActiveCfg = Debug|Any CPU
		{1B208C2D-60F4-87EE-DF34-0B8F553A61F0}.Debug|Any CPU.Build.0 = Debug|Any CPU
		{1B208C2D-60F4-87EE-DF34-0B8F553A61F0}.Release|Any CPU.ActiveCfg = Release|Any CPU
		{1B208C2D-60F4-87EE-DF34-0B8F553A61F0}.Release|Any CPU.Build.0 = Release|Any CPU
		{E892981A-BA2A-06C6-ED0C-FCE48DD15FA5}.Debug|Any CPU.ActiveCfg = Debug|Any CPU
		{E892981A-BA2A-06C6-ED0C-FCE48DD15FA5}.Debug|Any CPU.Build.0 = Debug|Any CPU
		{E892981A-BA2A-06C6-ED0C-FCE48DD15FA5}.Release|Any CPU.ActiveCfg = Release|Any CPU
		{E892981A-BA2A-06C6-ED0C-FCE48DD15FA5}.Release|Any CPU.Build.0 = Release|Any CPU
	EndGlobalSection
	GlobalSection(SolutionProperties) = preSolution
		HideSolutionNode = FALSE
	EndGlobalSection
EndGlobal
