Microsoft Visual Studio Solution File, Format Version 11.00
# Visual Studio 2008

Project("{8B2DE758-C540-5272-0C6A-8C7562882940}") = "super-flappy-cthulhu-ios", "Assembly-CSharp-firstpass-vs.csproj", "{73FD2123-6AC9-D287-9AD7-86E05D01C09A}"
EndProject
Project("{8B2DE758-C540-5272-0C6A-8C7562882940}") = "super-flappy-cthulhu-ios", "Assembly-CSharp-vs.csproj", "{AD106116-5870-BDAE-A60E-192751F50818}"
EndProject
Project("{8B2DE758-C540-5272-0C6A-8C7562882940}") = "super-flappy-cthulhu-ios", "Assembly-CSharp-Editor-vs.csproj", "{DCC2F4E5-C1F4-25CD-5681-B3DD89536FFF}"
EndProject
Global
	GlobalSection(SolutionConfigurationPlatforms) = preSolution
		Debug|Any CPU = Debug|Any CPU
		Release|Any CPU = Release|Any CPU
	EndGlobalSection
	GlobalSection(ProjectConfigurationPlatforms) = postSolution
		{73FD2123-6AC9-D287-9AD7-86E05D01C09A}.Debug|Any CPU.ActiveCfg = Debug|Any CPU
		{73FD2123-6AC9-D287-9AD7-86E05D01C09A}.Debug|Any CPU.Build.0 = Debug|Any CPU
		{73FD2123-6AC9-D287-9AD7-86E05D01C09A}.Release|Any CPU.ActiveCfg = Release|Any CPU
		{73FD2123-6AC9-D287-9AD7-86E05D01C09A}.Release|Any CPU.Build.0 = Release|Any CPU
		{AD106116-5870-BDAE-A60E-192751F50818}.Debug|Any CPU.ActiveCfg = Debug|Any CPU
		{AD106116-5870-BDAE-A60E-192751F50818}.Debug|Any CPU.Build.0 = Debug|Any CPU
		{AD106116-5870-BDAE-A60E-192751F50818}.Release|Any CPU.ActiveCfg = Release|Any CPU
		{AD106116-5870-BDAE-A60E-192751F50818}.Release|Any CPU.Build.0 = Release|Any CPU
		{DCC2F4E5-C1F4-25CD-5681-B3DD89536FFF}.Debug|Any CPU.ActiveCfg = Debug|Any CPU
		{DCC2F4E5-C1F4-25CD-5681-B3DD89536FFF}.Debug|Any CPU.Build.0 = Debug|Any CPU
		{DCC2F4E5-C1F4-25CD-5681-B3DD89536FFF}.Release|Any CPU.ActiveCfg = Release|Any CPU
		{DCC2F4E5-C1F4-25CD-5681-B3DD89536FFF}.Release|Any CPU.Build.0 = Release|Any CPU
	EndGlobalSection
	GlobalSection(SolutionProperties) = preSolution
		HideSolutionNode = FALSE
	EndGlobalSection
									GlobalSection(MonoDevelopProperties) = preSolution
		StartupItem = Assembly-CSharp.csproj
		Policies = $0
		$0.TextStylePolicy = $1
		$1.inheritsSet = null
		$1.scope = text/x-csharp
		$0.CSharpFormattingPolicy = $2
		$2.inheritsSet = Mono
		$2.inheritsScope = text/x-csharp
		$2.scope = text/x-csharp
		$0.TextStylePolicy = $3
		$3.FileWidth = 120
		$3.TabWidth = 4
		$3.IndentWidth = 4
		$3.EolMarker = Unix
		$3.inheritsSet = Mono
		$3.inheritsScope = text/plain
		$3.scope = text/plain
	EndGlobalSection

EndGlobal
